
Microsoft Visual Studio Solution File, Format Version 12.00
# Visual Studio Version 16
VisualStudioVersion = 16.0.30320.27
MinimumVisualStudioVersion = 10.0.40219.1
Project("{888888A0-9F3D-457C-B088-3A5042F75D52}") = "FCND-Motion-Planning", "FCND-Motion-Planning.pyproj", "{1F078544-74B0-4637-841A-869E7C9D4F56}"
EndProject
Global
	GlobalSection(SolutionConfigurationPlatforms) = preSolution
		Debug|Any CPU = Debug|Any CPU
		Release|Any CPU = Release|Any CPU
	EndGlobalSection
	GlobalSection(ProjectConfigurationPlatforms) = postSolution
		{1F078544-74B0-4637-841A-869E7C9D4F56}.Debug|Any CPU.ActiveCfg = Debug|Any CPU
		{1F078544-74B0-4637-841A-869E7C9D4F56}.Release|Any CPU.ActiveCfg = Release|Any CPU
	EndGlobalSection
	GlobalSection(SolutionProperties) = preSolution
		HideSolutionNode = FALSE
	EndGlobalSection
	GlobalSection(ExtensibilityGlobals) = postSolution
		SolutionGuid = {95BE768E-83FD-4087-AE19-E955B9677B8C}
	EndGlobalSection
EndGlobal
